
Microsoft Visual Studio Solution File, Format Version 12.00
# Visual Studio Version 16
VisualStudioVersion = 16.0.30413.136
MinimumVisualStudioVersion = 10.0.40219.1
Project("{D2ABAB84-BF74-430A-B69E-9DC6D40DDA17}") = "GTeam2", "GTeam2.dwproj", "{E41ED90D-A28E-4C1A-9A38-A129E088F940}"
EndProject
Global
	GlobalSection(SolutionConfigurationPlatforms) = preSolution
		Development|Default = Development|Default
	EndGlobalSection
	GlobalSection(ProjectConfigurationPlatforms) = postSolution
		{E41ED90D-A28E-4C1A-9A38-A129E088F940}.Development|Default.ActiveCfg = Development
		{E41ED90D-A28E-4C1A-9A38-A129E088F940}.Development|Default.Build.0 = Development
		{E41ED90D-A28E-4C1A-9A38-A129E088F940}.Development|Default.Deploy.0 = Development
	EndGlobalSection
	GlobalSection(SolutionProperties) = preSolution
		HideSolutionNode = FALSE
	EndGlobalSection
	GlobalSection(ExtensibilityGlobals) = postSolution
		SolutionGuid = {733185F3-A4E9-45FB-9C3A-FB78A5368AE4}
	EndGlobalSection
EndGlobal
